PODS:
  - AKImageCropperView (2.0.0)
  - Alamofire (4.5.1)
  - GMStepper (2.1)
  - SDWebImage (4.2.1):
    - SDWebImage/Core (= 4.2.1)
  - SDWebImage/Core (4.2.1)

DEPENDENCIES:
  - AKImageCropperView
  - Alamofire (~> 4.5)
  - GMStepper
  - SDWebImage

SPEC CHECKSUMS:
  AKImageCropperView: 9c80fd45512daa69426161ad51c248655c1b5182
  Alamofire: 2d95912bf4c34f164fdfc335872e8c312acaea4a
  GMStepper: 8994824040d57d952134e409b7724d05a1a41c18
  SDWebImage: 1fa4c9edf525b744f002db89f3f5a38b3cd4c541

PODFILE CHECKSUM: 8e5173a5f88d9c647f440cf5aa27ba6478b1d911

COCOAPODS: 1.3.1
